{
  "name": "kilt",
  "version": "1.0.0",
  "lockfileVersion": 2,
  "requires": true,
  "packages": {
    "": {
      "name": "kilt",
      "version": "1.0.0",
      "license": "MIT",
      "dependencies": {
        "@kiltprotocol/type-definitions": "^0.1.23"
      }
    },
    "node_modules/@kiltprotocol/type-definitions": {
      "version": "0.1.23",
      "resolved": "https://registry.npmjs.org/@kiltprotocol/type-definitions/-/type-definitions-0.1.23.tgz",
      "integrity": "sha512-5bGUDo8aVTWttwUrV1gyRUlbBn9zllv6/ofAda9ejMbjY5o99YqsAWlXg1mro6BqE3rcF/i0tGbIdO9Z0tOttA=="
    }
  },
  "dependencies": {
    "@kiltprotocol/type-definitions": {
      "version": "0.1.23",
      "resolved": "https://registry.npmjs.org/@kiltprotocol/type-definitions/-/type-definitions-0.1.23.tgz",
      "integrity": "sha512-5bGUDo8aVTWttwUrV1gyRUlbBn9zllv6/ofAda9ejMbjY5o99YqsAWlXg1mro6BqE3rcF/i0tGbIdO9Z0tOttA=="
    }
  }
}
