# THIS IS AN AUTOGENERATED FILE. DO NOT EDIT THIS FILE DIRECTLY.
# yarn lockfile v1


"@kiltprotocol/type-definitions@^0.1.23":
  "integrity" "sha512-5bGUDo8aVTWttwUrV1gyRUlbBn9zllv6/ofAda9ejMbjY5o99YqsAWlXg1mro6BqE3rcF/i0tGbIdO9Z0tOttA=="
  "resolved" "https://registry.npmjs.org/@kiltprotocol/type-definitions/-/type-definitions-0.1.23.tgz"
  "version" "0.1.23"
