# THIS IS AN AUTOGENERATED FILE. DO NOT EDIT THIS FILE DIRECTLY.
# yarn lockfile v1


"@babel/runtime@^7.16.3":
  version "7.16.3"
  resolved "https://registry.yarnpkg.com/@babel/runtime/-/runtime-7.16.3.tgz#b86f0db02a04187a3c17caa77de69840165d42d5"
  integrity sha512-WBwekcqacdY2e9AF/Q7WLFUWmdJGJTkbjqTjoMDgXkVZ3ZRUvOPsLb5KdwISoQVsbP+DQzVZW4Zhci0DvpbNTQ==
  dependencies:
    regenerator-runtime "^0.13.4"

"@crustio/type-definitions@^1.2.0":
  version "1.2.0"
  resolved "https://registry.yarnpkg.com/@crustio/type-definitions/-/type-definitions-1.2.0.tgz#221a626b8e18ac77fb9e13e6b018803e78727b71"
  integrity sha512-i/u3WUuhfC76JirlSwyGIKDwoFrax5QUonxGG/wgX2KEDKM9MIVx4qEsphE/tjAxlX1/qO3c72dzvKR2gndhgg==
  dependencies:
    "@open-web3/orml-type-definitions" "^0.8.2-9"

"@open-web3/orml-type-definitions@^0.8.2-9":
  version "0.8.2-11"
  resolved "https://registry.yarnpkg.com/@open-web3/orml-type-definitions/-/orml-type-definitions-0.8.2-11.tgz#56358d371b63f83761234a7b1283ac9008e6dddd"
  integrity sha512-cUv5+mprnaGNt0tu3FhK1nFRBK7SGjPhA1O0nxWWeRmuuH5fjkr0glbHE9kcKuCBfsh7nt6NGwxwl9emQtUDSA==

regenerator-runtime@^0.13.4:
  version "0.13.9"
  resolved "https://registry.yarnpkg.com/regenerator-runtime/-/regenerator-runtime-0.13.9.tgz#8925742a98ffd90814988d7566ad30ca3b263b52"
  integrity sha512-p3VT+cOEgxFsRRA9X4lkI1E+k2/CtnKtU4gcxyaCUreilL/vqI6CdZ3wxVUx3UOUg+gnUOQQcRI7BmSI656MYA==
