{
  "name": "acala",
  "lockfileVersion": 2,
  "requires": true,
  "packages": {
    "": {
      "dependencies": {
        "@acala-network/type-definitions": "^4.0.1",
        "@babel/runtime": "^7.16.3"
      }
    },
    "node_modules/@acala-network/type-definitions": {
      "version": "4.0.1",
      "resolved": "https://registry.npmjs.org/@acala-network/type-definitions/-/type-definitions-4.0.1.tgz",
      "integrity": "sha512-LA3hltYi2tU5BuaW9tbZsbVDdS5sLW2Wtl7AXCyYKMaHU43rsZXeBWoXotxJ3NamJXu1RI6695zLbSd0Hy42YQ==",
      "dependencies": {
        "@open-web3/orml-type-definitions": "^1.0.2-0"
      }
    },
    "node_modules/@babel/runtime": {
      "version": "7.16.7",
      "resolved": "https://registry.npmjs.org/@babel/runtime/-/runtime-7.16.7.tgz",
      "integrity": "sha512-9E9FJowqAsytyOY6LG+1KuueckRL+aQW+mKvXRXnuFGyRAyepJPmEo9vgMfXUA6O9u3IeEdv9MAkppFcaQwogQ==",
      "dependencies": {
        "regenerator-runtime": "^0.13.4"
      },
      "engines": {
        "node": ">=6.9.0"
      }
    },
    "node_modules/@open-web3/orml-type-definitions": {
      "version": "1.0.2-3",
      "resolved": "https://registry.npmjs.org/@open-web3/orml-type-definitions/-/orml-type-definitions-1.0.2-3.tgz",
      "integrity": "sha512-1O6TFaDP0s/Bm3XI47+eBEx+wHQepIu9uS+rkAorbwLMhfEbYf082Y+JskvOR3cSljNIfP3Zo8bWm+v8Kta+zA==",
      "dependencies": {
        "lodash.merge": "^4.6.2"
      }
    },
    "node_modules/lodash.merge": {
      "version": "4.6.2",
      "resolved": "https://registry.npmjs.org/lodash.merge/-/lodash.merge-4.6.2.tgz",
      "integrity": "sha512-0KpjqXRVvrYyCsX1swR/XTK0va6VQkQM6MNo7PqW77ByjAhoARA8EfrP1N4+KlKj8YS0ZUCtRT/YUuhyYDujIQ=="
    },
    "node_modules/regenerator-runtime": {
      "version": "0.13.9",
      "resolved": "https://registry.npmjs.org/regenerator-runtime/-/regenerator-runtime-0.13.9.tgz",
      "integrity": "sha512-p3VT+cOEgxFsRRA9X4lkI1E+k2/CtnKtU4gcxyaCUreilL/vqI6CdZ3wxVUx3UOUg+gnUOQQcRI7BmSI656MYA=="
    }
  },
  "dependencies": {
    "@acala-network/type-definitions": {
      "version": "4.0.1",
      "resolved": "https://registry.npmjs.org/@acala-network/type-definitions/-/type-definitions-4.0.1.tgz",
      "integrity": "sha512-LA3hltYi2tU5BuaW9tbZsbVDdS5sLW2Wtl7AXCyYKMaHU43rsZXeBWoXotxJ3NamJXu1RI6695zLbSd0Hy42YQ==",
      "requires": {
        "@open-web3/orml-type-definitions": "^1.0.2-0"
      }
    },
    "@babel/runtime": {
      "version": "7.16.7",
      "resolved": "https://registry.npmjs.org/@babel/runtime/-/runtime-7.16.7.tgz",
      "integrity": "sha512-9E9FJowqAsytyOY6LG+1KuueckRL+aQW+mKvXRXnuFGyRAyepJPmEo9vgMfXUA6O9u3IeEdv9MAkppFcaQwogQ==",
      "requires": {
        "regenerator-runtime": "^0.13.4"
      }
    },
    "@open-web3/orml-type-definitions": {
      "version": "1.0.2-3",
      "resolved": "https://registry.npmjs.org/@open-web3/orml-type-definitions/-/orml-type-definitions-1.0.2-3.tgz",
      "integrity": "sha512-1O6TFaDP0s/Bm3XI47+eBEx+wHQepIu9uS+rkAorbwLMhfEbYf082Y+JskvOR3cSljNIfP3Zo8bWm+v8Kta+zA==",
      "requires": {
        "lodash.merge": "^4.6.2"
      }
    },
    "lodash.merge": {
      "version": "4.6.2",
      "resolved": "https://registry.npmjs.org/lodash.merge/-/lodash.merge-4.6.2.tgz",
      "integrity": "sha512-0KpjqXRVvrYyCsX1swR/XTK0va6VQkQM6MNo7PqW77ByjAhoARA8EfrP1N4+KlKj8YS0ZUCtRT/YUuhyYDujIQ=="
    },
    "regenerator-runtime": {
      "version": "0.13.9",
      "resolved": "https://registry.npmjs.org/regenerator-runtime/-/regenerator-runtime-0.13.9.tgz",
      "integrity": "sha512-p3VT+cOEgxFsRRA9X4lkI1E+k2/CtnKtU4gcxyaCUreilL/vqI6CdZ3wxVUx3UOUg+gnUOQQcRI7BmSI656MYA=="
    }
  }
}
